{
  "name": "@hemera/web",
  "version": "0.0.1",
  "lockfileVersion": 3,
  "requires": true,
  "packages": {
    "": {
      "name": "@hemera/web",
      "version": "0.0.1",
      "dependencies": {
        "@astrojs/react": "^4.4.1",
        "@astrojs/sitemap": "^3.7.0",
        "@supabase/supabase-js": "^2.46.2",
        "astro": "^5.14.3",
        "date-fns": "^4.1.0",
        "dexie": "^4.3.0",
        "lucide-react": "^0.544.0",
        "react": "^19.1.1",
        "react-dom": "^19.1.1"
      }
    },
    "../../node_modules/.pnpm/@astrojs+react@4.4.2_@types+node@22.19.7_@types+react-dom@19.2.3_@types+react@19.2.14__@types_4wsqvatx3sd25cp5teiqvn2voe/node_modules/@astrojs/react": {
      "version": "4.4.2",
      "license": "MIT",
      "dependencies": {
        "@vitejs/plugin-react": "^4.7.0",
        "ultrahtml": "^1.6.0",
        "vite": "^6.4.1"
      },
      "devDependencies": {
        "@types/react": "^18.3.24",
        "@types/react-dom": "^18.3.7",
        "astro": "5.15.4",
        "astro-scripts": "0.0.14",
        "cheerio": "1.1.2",
        "react": "^18.3.1",
        "react-dom": "^18.3.1"
      },
      "engines": {
        "node": "18.20.8 || ^20.3.0 || >=22.0.0"
      },
      "peerDependencies": {
        "@types/react": "^17.0.50 || ^18.0.21 || ^19.0.0",
        "@types/react-dom": "^17.0.17 || ^18.0.6 || ^19.0.0",
        "react": "^17.0.2 || ^18.0.0 || ^19.0.0",
        "react-dom": "^17.0.2 || ^18.0.0 || ^19.0.0"
      }
    },
    "../../node_modules/.pnpm/@supabase+supabase-js@2.91.1/node_modules/@supabase/supabase-js": {
      "version": "2.91.1",
      "license": "MIT",
      "dependencies": {
        "@supabase/auth-js": "2.91.1",
        "@supabase/functions-js": "2.91.1",
        "@supabase/postgrest-js": "2.91.1",
        "@supabase/realtime-js": "2.91.1",
        "@supabase/storage-js": "2.91.1"
      },
      "devDependencies": {
        "jsr": "^0.13.5",
        "puppeteer": "^24.9.0",
        "tsd": "^0.33.0"
      },
      "engines": {
        "node": ">=20.0.0"
      }
    },
    "../../node_modules/.pnpm/astro@5.17.3_@types+node@22.19.7_rollup@4.56.0_tsx@4.21.0_typescript@5.9.3/node_modules/astro": {
      "version": "5.17.3",
      "license": "MIT",
      "dependencies": {
        "@astrojs/compiler": "^2.13.0",
        "@astrojs/internal-helpers": "0.7.5",
        "@astrojs/markdown-remark": "6.3.10",
        "@astrojs/telemetry": "3.3.0",
        "@capsizecss/unpack": "^4.0.0",
        "@oslojs/encoding": "^1.1.0",
        "@rollup/pluginutils": "^5.3.0",
        "acorn": "^8.15.0",
        "aria-query": "^5.3.2",
        "axobject-query": "^4.1.0",
        "boxen": "8.0.1",
        "ci-info": "^4.3.1",
        "clsx": "^2.1.1",
        "common-ancestor-path": "^1.0.1",
        "cookie": "^1.1.1",
        "cssesc": "^3.0.0",
        "debug": "^4.4.3",
        "deterministic-object-hash": "^2.0.2",
        "devalue": "^5.6.2",
        "diff": "^8.0.3",
        "dlv": "^1.1.3",
        "dset": "^3.1.4",
        "es-module-lexer": "^1.7.0",
        "esbuild": "^0.27.3",
        "estree-walker": "^3.0.3",
        "flattie": "^1.1.1",
        "fontace": "~0.4.0",
        "github-slugger": "^2.0.0",
        "html-escaper": "3.0.3",
        "http-cache-semantics": "^4.2.0",
        "import-meta-resolve": "^4.2.0",
        "js-yaml": "^4.1.1",
        "magic-string": "^0.30.21",
        "magicast": "^0.5.1",
        "mrmime": "^2.0.1",
        "neotraverse": "^0.6.18",
        "p-limit": "^6.2.0",
        "p-queue": "^8.1.1",
        "package-manager-detector": "^1.6.0",
        "piccolore": "^0.1.3",
        "picomatch": "^4.0.3",
        "prompts": "^2.4.2",
        "rehype": "^13.0.2",
        "semver": "^7.7.3",
        "shiki": "^3.21.0",
        "smol-toml": "^1.6.0",
        "svgo": "^4.0.0",
        "tinyexec": "^1.0.2",
        "tinyglobby": "^0.2.15",
        "tsconfck": "^3.1.6",
        "ultrahtml": "^1.6.0",
        "unifont": "~0.7.3",
        "unist-util-visit": "^5.0.0",
        "unstorage": "^1.17.4",
        "vfile": "^6.0.3",
        "vite": "^6.4.1",
        "vitefu": "^1.1.1",
        "xxhash-wasm": "^1.1.0",
        "yargs-parser": "^21.1.1",
        "yocto-spinner": "^0.2.3",
        "zod": "^3.25.76",
        "zod-to-json-schema": "^3.25.1",
        "zod-to-ts": "^1.2.0"
      },
      "bin": {
        "astro": "astro.js"
      },
      "devDependencies": {
        "@astrojs/check": "0.9.6",
        "@playwright/test": "1.57.0",
        "@types/aria-query": "^5.0.4",
        "@types/common-ancestor-path": "^1.0.2",
        "@types/cssesc": "^3.0.2",
        "@types/debug": "^4.1.12",
        "@types/dlv": "^1.1.5",
        "@types/hast": "^3.0.4",
        "@types/html-escaper": "3.0.4",
        "@types/http-cache-semantics": "^4.0.4",
        "@types/js-yaml": "^4.0.9",
        "@types/picomatch": "^3.0.2",
        "@types/prompts": "^2.4.9",
        "@types/semver": "^7.7.1",
        "@types/yargs-parser": "^21.0.3",
        "astro-scripts": "0.0.14",
        "cheerio": "1.1.2",
        "eol": "^0.10.0",
        "expect-type": "^1.3.0",
        "fs-fixture": "^2.11.0",
        "mdast-util-mdx": "^3.0.0",
        "mdast-util-mdx-jsx": "^3.2.0",
        "node-mocks-http": "^1.17.2",
        "parse-srcset": "^1.0.2",
        "rehype-autolink-headings": "^7.1.0",
        "rehype-slug": "^6.0.0",
        "rehype-toc": "^3.0.2",
        "remark-code-titles": "^0.1.2",
        "rollup": "^4.55.1",
        "sass": "^1.97.2",
        "typescript": "^5.9.3",
        "undici": "^6.23.0",
        "unified": "^11.0.5",
        "vitest": "^3.2.4"
      },
      "engines": {
        "node": "18.20.8 || ^20.3.0 || >=22.0.0",
        "npm": ">=9.6.5",
        "pnpm": ">=7.1.0"
      },
      "funding": {
        "type": "opencollective",
        "url": "https://opencollective.com/astrodotbuild"
      },
      "optionalDependencies": {
        "sharp": "^0.34.0"
      }
    },
    "../../node_modules/.pnpm/date-fns@4.1.0/node_modules/date-fns": {
      "version": "4.1.0",
      "license": "MIT",
      "devDependencies": {
        "@arethetypeswrong/cli": "^0.16.2",
        "@babel/cli": "^7.22.10",
        "@babel/core": "^7.22.10",
        "@babel/preset-env": "^7.22.10",
        "@babel/preset-typescript": "^7.22.5",
        "@date-fns/docs": "^0.38.0",
        "@date-fns/tz": "^1.0.2",
        "@date-fns/utc": "^1.2.0",
        "@octokit/core": "^3.2.5",
        "@size-limit/esbuild": "^11.0.1",
        "@size-limit/file": "^11.0.1",
        "@types/bun": "^1.1.9",
        "@types/lodash": "^4.14.202",
        "@types/node": "^20.14.2",
        "@types/sinon": "^9.0.6",
        "@typescript-eslint/eslint-plugin": "^8.5.0",
        "@typescript-eslint/parser": "^8.5.0",
        "@vitest/browser": "^1.3.1",
        "@vitest/coverage-v8": "^1.3.1",
        "babel-plugin-replace-import-extension": "^1.1.4",
        "bun": "^1.1.27",
        "cloc": "^2.2.0",
        "coveralls": "^3.1.1",
        "eslint": "^9.10.0",
        "firebase": "^3.7.1",
        "fp-ts": "^2.16.2",
        "js-fns": "^2.5.1",
        "jscodeshift": "^0.15.2",
        "lodash": "^4.17.21",
        "playwright": "^1.40.1",
        "prettier": "^3.1.0",
        "simple-git": "^2.35.2",
        "sinon": "^7.4.1",
        "size-limit": "^11.0.1",
        "tsx": "^4.6.1",
        "typedoc": "^0.26.7",
        "typedoc-plugin-missing-exports": "^3.0.0",
        "typescript": "^5.4.5",
        "vitest": "^1.3.1"
      },
      "funding": {
        "type": "github",
        "url": "https://github.com/sponsors/kossnocorp"
      }
    },
    "../../node_modules/.pnpm/dexie@4.3.0/node_modules/dexie": {
      "version": "4.3.0",
      "license": "Apache-2.0",
      "devDependencies": {
        "@lambdatest/node-tunnel": "^4.0.7",
        "@rollup/plugin-commonjs": "^29.0.0",
        "@rollup/plugin-node-resolve": "^16.0.3",
        "cross-env": "^10.1.0",
        "dts-bundle-generator": "^9.5.1",
        "just-build": "^0.9.24",
        "karma": "^6.1.1",
        "karma-chrome-launcher": "^3.1.0",
        "karma-firefox-launcher": "^2.1.0",
        "karma-mocha-reporter": "^2.2.5",
        "karma-qunit": "^4.1.1",
        "karma-webdriver-launcher": "^1.0.8",
        "qunit": "2.10.0",
        "qunitjs": "1.23.1",
        "rollup": "^4.53.3",
        "rollup-plugin-cleanup": "^3.2.1",
        "rollup-plugin-sourcemaps": "^0.6.3",
        "rxjs": "^7.8.2",
        "safari-14-idb-fix": "^3.0.0",
        "serve-static": "^2.2.0",
        "sorted-json": "^0.3.0",
        "terser": "^5.3.1",
        "tslib": "^2.1.0",
        "typescript": "^5.6.3",
        "uglify-js": "^3.9.2",
        "yjs": "^13.6.27"
      }
    },
    "../../node_modules/.pnpm/lucide-react@0.544.0_react@19.2.4/node_modules/lucide-react": {
      "version": "0.544.0",
      "license": "ISC",
      "devDependencies": {
        "@lucide/build-icons": "1.1.0",
        "@lucide/rollup-plugins": "1.0.0",
        "@lucide/shared": "1.0.0",
        "@testing-library/jest-dom": "^6.1.6",
        "@testing-library/react": "^14.1.2",
        "@types/react": "^18.2.37",
        "@vitejs/plugin-react": "^4.4.1",
        "jest-serializer-html": "^7.1.0",
        "react": "18.2.0",
        "react-dom": "18.2.0",
        "rollup": "^4.22.4",
        "rollup-plugin-dts": "^6.1.0",
        "rollup-plugin-preserve-directives": "^0.4.0",
        "typescript": "^5.8.3",
        "vite": "^6.3.4",
        "vitest": "^3.1.3"
      },
      "peerDependencies": {
        "react": "^16.5.1 || ^17.0.0 || ^18.0.0 || ^19.0.0"
      }
    },
    "../../node_modules/.pnpm/react-dom@19.2.4_react@19.2.4/node_modules/react-dom": {
      "version": "19.2.4",
      "license": "MIT",
      "dependencies": {
        "scheduler": "^0.27.0"
      },
      "peerDependencies": {
        "react": "^19.2.4"
      }
    },
    "../../node_modules/.pnpm/react@19.2.4/node_modules/react": {
      "version": "19.2.4",
      "license": "MIT",
      "engines": {
        "node": ">=0.10.0"
      }
    },
    "node_modules/@astrojs/react": {
      "resolved": "../../node_modules/.pnpm/@astrojs+react@4.4.2_@types+node@22.19.7_@types+react-dom@19.2.3_@types+react@19.2.14__@types_4wsqvatx3sd25cp5teiqvn2voe/node_modules/@astrojs/react",
      "link": true
    },
    "node_modules/@astrojs/sitemap": {
      "version": "3.7.0",
      "resolved": "https://registry.npmjs.org/@astrojs/sitemap/-/sitemap-3.7.0.tgz",
      "integrity": "sha512-+qxjUrz6Jcgh+D5VE1gKUJTA3pSthuPHe6Ao5JCxok794Lewx8hBFaWHtOnN0ntb2lfOf7gvOi9TefUswQ/ZVA==",
      "license": "MIT",
      "dependencies": {
        "sitemap": "^8.0.2",
        "stream-replace-string": "^2.0.0",
        "zod": "^3.25.76"
      }
    },
    "node_modules/@supabase/supabase-js": {
      "resolved": "../../node_modules/.pnpm/@supabase+supabase-js@2.91.1/node_modules/@supabase/supabase-js",
      "link": true
    },
    "node_modules/@types/node": {
      "version": "17.0.45",
      "resolved": "https://registry.npmjs.org/@types/node/-/node-17.0.45.tgz",
      "integrity": "sha512-w+tIMs3rq2afQdsPJlODhoUEKzFP1ayaoyl1CcnwtIlsVe7K7bA1NGm4s3PraqTLlXnbIN84zuBlxBWo1u9BLw==",
      "license": "MIT"
    },
    "node_modules/@types/sax": {
      "version": "1.2.7",
      "resolved": "https://registry.npmjs.org/@types/sax/-/sax-1.2.7.tgz",
      "integrity": "sha512-rO73L89PJxeYM3s3pPPjiPgVVcymqU490g0YO5n5By0k2Erzj6tay/4lr1CHAAU4JyOWd1rpQ8bCf6cZfHU96A==",
      "license": "MIT",
      "dependencies": {
        "@types/node": "*"
      }
    },
    "node_modules/arg": {
      "version": "5.0.2",
      "resolved": "https://registry.npmjs.org/arg/-/arg-5.0.2.tgz",
      "integrity": "sha512-PYjyFOLKQ9y57JvQ6QLo8dAgNqswh8M1RMJYdQduT6xbWSgK36P/Z/v+p888pM69jMMfS8Xd8F6I1kQ/I9HUGg==",
      "license": "MIT"
    },
    "node_modules/astro": {
      "resolved": "../../node_modules/.pnpm/astro@5.17.3_@types+node@22.19.7_rollup@4.56.0_tsx@4.21.0_typescript@5.9.3/node_modules/astro",
      "link": true
    },
    "node_modules/date-fns": {
      "resolved": "../../node_modules/.pnpm/date-fns@4.1.0/node_modules/date-fns",
      "link": true
    },
    "node_modules/dexie": {
      "resolved": "../../node_modules/.pnpm/dexie@4.3.0/node_modules/dexie",
      "link": true
    },
    "node_modules/lucide-react": {
      "resolved": "../../node_modules/.pnpm/lucide-react@0.544.0_react@19.2.4/node_modules/lucide-react",
      "link": true
    },
    "node_modules/react": {
      "resolved": "../../node_modules/.pnpm/react@19.2.4/node_modules/react",
      "link": true
    },
    "node_modules/react-dom": {
      "resolved": "../../node_modules/.pnpm/react-dom@19.2.4_react@19.2.4/node_modules/react-dom",
      "link": true
    },
    "node_modules/sax": {
      "version": "1.4.4",
      "resolved": "https://registry.npmjs.org/sax/-/sax-1.4.4.tgz",
      "integrity": "sha512-1n3r/tGXO6b6VXMdFT54SHzT9ytu9yr7TaELowdYpMqY/Ao7EnlQGmAQ1+RatX7Tkkdm6hONI2owqNx2aZj5Sw==",
      "license": "BlueOak-1.0.0",
      "engines": {
        "node": ">=11.0.0"
      }
    },
    "node_modules/sitemap": {
      "version": "8.0.2",
      "resolved": "https://registry.npmjs.org/sitemap/-/sitemap-8.0.2.tgz",
      "integrity": "sha512-LwktpJcyZDoa0IL6KT++lQ53pbSrx2c9ge41/SeLTyqy2XUNA6uR4+P9u5IVo5lPeL2arAcOKn1aZAxoYbCKlQ==",
      "license": "MIT",
      "dependencies": {
        "@types/node": "^17.0.5",
        "@types/sax": "^1.2.1",
        "arg": "^5.0.0",
        "sax": "^1.4.1"
      },
      "bin": {
        "sitemap": "dist/cli.js"
      },
      "engines": {
        "node": ">=14.0.0",
        "npm": ">=6.0.0"
      }
    },
    "node_modules/stream-replace-string": {
      "version": "2.0.0",
      "resolved": "https://registry.npmjs.org/stream-replace-string/-/stream-replace-string-2.0.0.tgz",
      "integrity": "sha512-TlnjJ1C0QrmxRNrON00JvaFFlNh5TTG00APw23j74ET7gkQpTASi6/L2fuiav8pzK715HXtUeClpBTw2NPSn6w==",
      "license": "MIT"
    },
    "node_modules/zod": {
      "version": "3.25.76",
      "resolved": "https://registry.npmjs.org/zod/-/zod-3.25.76.tgz",
      "integrity": "sha512-gzUt/qt81nXsFGKIFcC3YnfEAx5NkunCfnDlvuBSSFS02bcXu4Lmea0AFIUwbLWxWPx3d9p8S5QoaujKcNQxcQ==",
      "license": "MIT",
      "funding": {
        "url": "https://github.com/sponsors/colinhacks"
      }
    }
  }
}
